
Microsoft Visual Studio Solution File, Format Version 12.00
# Visual Studio Version 17
VisualStudioVersion = 17.0.32126.317
MinimumVisualStudioVersion = 10.0.40219.1
Project("{9A19103F-16F7-4668-BE54-9A1E7A4F7556}") = "exercise022", "exercise001\exercise022.csproj", "{BCDC463C-4AB6-45FA-8B22-0D1DC3CE39E7}"
EndProject
Project("{9A19103F-16F7-4668-BE54-9A1E7A4F7556}") = "exercise021", "exercise021\exercise021.csproj", "{D4621546-3570-453B-A539-DEA537C2D08B}"
EndProject
Project("{9A19103F-16F7-4668-BE54-9A1E7A4F7556}") = "exercise023", "exercise023\exercise023.csproj", "{7DBC6A82-AFD9-47CE-9465-515FA4D220D6}"
EndProject
Project("{9A19103F-16F7-4668-BE54-9A1E7A4F7556}") = "exercise024", "exercise024\exercise024.csproj", "{3738982A-0AA9-4AFD-B96D-2FE891E57593}"
EndProject
Project("{9A19103F-16F7-4668-BE54-9A1E7A4F7556}") = "exercise025", "exercise025\exercise025.csproj", "{100EBB97-BE6A-4B5F-BA70-D4053E49ECD6}"
EndProject
Project("{9A19103F-16F7-4668-BE54-9A1E7A4F7556}") = "exercise026", "exercise026\exercise026.csproj", "{F2F21BC7-795E-428F-B03E-67AE2B33F0B7}"
EndProject
Project("{9A19103F-16F7-4668-BE54-9A1E7A4F7556}") = "exercise031", "exercise031\exercise031.csproj", "{02CB6F7F-1536-4E29-8964-E3DC8D400A5A}"
EndProject
Project("{9A19103F-16F7-4668-BE54-9A1E7A4F7556}") = "execise032", "execise032\execise032.csproj", "{B1D67BC7-4A8A-4ACD-B543-DB05B061B26F}"
EndProject
Project("{FAE04EC0-301F-11D3-BF4B-00C04F79EFBC}") = "execise033", "execise033\execise033.csproj", "{4BE7C3B8-8BC5-4FBE-8AFC-AC578737C942}"
EndProject
Project("{FAE04EC0-301F-11D3-BF4B-00C04F79EFBC}") = "exercise034", "exercise034\exercise034.csproj", "{30D69F18-56E0-480B-91C9-468304E2B5D4}"
EndProject
Project("{FAE04EC0-301F-11D3-BF4B-00C04F79EFBC}") = "exercise035", "exercise035\exercise035.csproj", "{91A733F1-E9AF-451B-BBBE-63F24F16C483}"
EndProject
Global
	GlobalSection(SolutionConfigurationPlatforms) = preSolution
		Debug|Any CPU = Debug|Any CPU
		Release|Any CPU = Release|Any CPU
	EndGlobalSection
	GlobalSection(ProjectConfigurationPlatforms) = postSolution
		{BCDC463C-4AB6-45FA-8B22-0D1DC3CE39E7}.Debug|Any CPU.ActiveCfg = Debug|Any CPU
		{BCDC463C-4AB6-45FA-8B22-0D1DC3CE39E7}.Debug|Any CPU.Build.0 = Debug|Any CPU
		{BCDC463C-4AB6-45FA-8B22-0D1DC3CE39E7}.Release|Any CPU.ActiveCfg = Release|Any CPU
		{BCDC463C-4AB6-45FA-8B22-0D1DC3CE39E7}.Release|Any CPU.Build.0 = Release|Any CPU
		{D4621546-3570-453B-A539-DEA537C2D08B}.Debug|Any CPU.ActiveCfg = Debug|Any CPU
		{D4621546-3570-453B-A539-DEA537C2D08B}.Debug|Any CPU.Build.0 = Debug|Any CPU
		{D4621546-3570-453B-A539-DEA537C2D08B}.Release|Any CPU.ActiveCfg = Release|Any CPU
		{D4621546-3570-453B-A539-DEA537C2D08B}.Release|Any CPU.Build.0 = Release|Any CPU
		{7DBC6A82-AFD9-47CE-9465-515FA4D220D6}.Debug|Any CPU.ActiveCfg = Debug|Any CPU
		{7DBC6A82-AFD9-47CE-9465-515FA4D220D6}.Debug|Any CPU.Build.0 = Debug|Any CPU
		{7DBC6A82-AFD9-47CE-9465-515FA4D220D6}.Release|Any CPU.ActiveCfg = Release|Any CPU
		{7DBC6A82-AFD9-47CE-9465-515FA4D220D6}.Release|Any CPU.Build.0 = Release|Any CPU
		{3738982A-0AA9-4AFD-B96D-2FE891E57593}.Debug|Any CPU.ActiveCfg = Debug|Any CPU
		{3738982A-0AA9-4AFD-B96D-2FE891E57593}.Debug|Any CPU.Build.0 = Debug|Any CPU
		{3738982A-0AA9-4AFD-B96D-2FE891E57593}.Release|Any CPU.ActiveCfg = Release|Any CPU
		{3738982A-0AA9-4AFD-B96D-2FE891E57593}.Release|Any CPU.Build.0 = Release|Any CPU
		{100EBB97-BE6A-4B5F-BA70-D4053E49ECD6}.Debug|Any CPU.ActiveCfg = Debug|Any CPU
		{100EBB97-BE6A-4B5F-BA70-D4053E49ECD6}.Debug|Any CPU.Build.0 = Debug|Any CPU
		{100EBB97-BE6A-4B5F-BA70-D4053E49ECD6}.Release|Any CPU.ActiveCfg = Release|Any CPU
		{100EBB97-BE6A-4B5F-BA70-D4053E49ECD6}.Release|Any CPU.Build.0 = Release|Any CPU
		{F2F21BC7-795E-428F-B03E-67AE2B33F0B7}.Debug|Any CPU.ActiveCfg = Debug|Any CPU
		{F2F21BC7-795E-428F-B03E-67AE2B33F0B7}.Debug|Any CPU.Build.0 = Debug|Any CPU
		{F2F21BC7-795E-428F-B03E-67AE2B33F0B7}.Release|Any CPU.ActiveCfg = Release|Any CPU
		{F2F21BC7-795E-428F-B03E-67AE2B33F0B7}.Release|Any CPU.Build.0 = Release|Any CPU
		{02CB6F7F-1536-4E29-8964-E3DC8D400A5A}.Debug|Any CPU.ActiveCfg = Debug|Any CPU
		{02CB6F7F-1536-4E29-8964-E3DC8D400A5A}.Debug|Any CPU.Build.0 = Debug|Any CPU
		{02CB6F7F-1536-4E29-8964-E3DC8D400A5A}.Release|Any CPU.ActiveCfg = Release|Any CPU
		{02CB6F7F-1536-4E29-8964-E3DC8D400A5A}.Release|Any CPU.Build.0 = Release|Any CPU
		{B1D67BC7-4A8A-4ACD-B543-DB05B061B26F}.Debug|Any CPU.ActiveCfg = Debug|Any CPU
		{B1D67BC7-4A8A-4ACD-B543-DB05B061B26F}.Debug|Any CPU.Build.0 = Debug|Any CPU
		{B1D67BC7-4A8A-4ACD-B543-DB05B061B26F}.Release|Any CPU.ActiveCfg = Release|Any CPU
		{B1D67BC7-4A8A-4ACD-B543-DB05B061B26F}.Release|Any CPU.Build.0 = Release|Any CPU
		{4BE7C3B8-8BC5-4FBE-8AFC-AC578737C942}.Debug|Any CPU.ActiveCfg = Debug|Any CPU
		{4BE7C3B8-8BC5-4FBE-8AFC-AC578737C942}.Debug|Any CPU.Build.0 = Debug|Any CPU
		{4BE7C3B8-8BC5-4FBE-8AFC-AC578737C942}.Release|Any CPU.ActiveCfg = Release|Any CPU
		{4BE7C3B8-8BC5-4FBE-8AFC-AC578737C942}.Release|Any CPU.Build.0 = Release|Any CPU
		{30D69F18-56E0-480B-91C9-468304E2B5D4}.Debug|Any CPU.ActiveCfg = Debug|Any CPU
		{30D69F18-56E0-480B-91C9-468304E2B5D4}.Debug|Any CPU.Build.0 = Debug|Any CPU
		{30D69F18-56E0-480B-91C9-468304E2B5D4}.Release|Any CPU.ActiveCfg = Release|Any CPU
		{30D69F18-56E0-480B-91C9-468304E2B5D4}.Release|Any CPU.Build.0 = Release|Any CPU
		{91A733F1-E9AF-451B-BBBE-63F24F16C483}.Debug|Any CPU.ActiveCfg = Debug|Any CPU
		{91A733F1-E9AF-451B-BBBE-63F24F16C483}.Debug|Any CPU.Build.0 = Debug|Any CPU
		{91A733F1-E9AF-451B-BBBE-63F24F16C483}.Release|Any CPU.ActiveCfg = Release|Any CPU
		{91A733F1-E9AF-451B-BBBE-63F24F16C483}.Release|Any CPU.Build.0 = Release|Any CPU
	EndGlobalSection
	GlobalSection(SolutionProperties) = preSolution
		HideSolutionNode = FALSE
	EndGlobalSection
	GlobalSection(ExtensibilityGlobals) = postSolution
		SolutionGuid = {5BE20F86-ADFF-48C1-9087-378B8B3DA25E}
	EndGlobalSection
EndGlobal
